
Microsoft Visual Studio Solution File, Format Version 12.00
# Visual Studio 15
VisualStudioVersion = 15.0.26730.16
MinimumVisualStudioVersion = 10.0.40219.1
Project("{9A19103F-16F7-4668-BE54-9A1E7A4F7556}") = "Bara", "Bara\Bara.csproj", "{5FF9B9B6-2255-4C0A-A976-F48546888318}"
EndProject
Project("{2150E333-8FDC-42A3-9474-1A3956D46DE8}") = "Test", "Test", "{EC636DEB-DDA5-4B32-9D98-8F6D624B0D19}"
EndProject
Project("{9A19103F-16F7-4668-BE54-9A1E7A4F7556}") = "Bara.Test", "Bara.Test\Bara.Test.csproj", "{669083A8-23B7-4AA3-99C0-837D7211BB7B}"
EndProject
Project("{9A19103F-16F7-4668-BE54-9A1E7A4F7556}") = "Bara.DataAccess", "Bara.DataAccess\Bara.DataAccess.csproj", "{ABA3792E-7EC9-4600-90D6-9CDE508FB71D}"
EndProject
Project("{FAE04EC0-301F-11D3-BF4B-00C04F79EFBC}") = "Bara.Sample.Web", "Bara.Sample.Web\Bara.Sample.Web.csproj", "{5A97E3A2-55B9-4D16-A25A-24F79A27D72E}"
EndProject
Global
	GlobalSection(SolutionConfigurationPlatforms) = preSolution
		Debug|Any CPU = Debug|Any CPU
		Release|Any CPU = Release|Any CPU
	EndGlobalSection
	GlobalSection(ProjectConfigurationPlatforms) = postSolution
		{5FF9B9B6-2255-4C0A-A976-F48546888318}.Debug|Any CPU.ActiveCfg = Debug|Any CPU
		{5FF9B9B6-2255-4C0A-A976-F48546888318}.Debug|Any CPU.Build.0 = Debug|Any CPU
		{5FF9B9B6-2255-4C0A-A976-F48546888318}.Release|Any CPU.ActiveCfg = Release|Any CPU
		{5FF9B9B6-2255-4C0A-A976-F48546888318}.Release|Any CPU.Build.0 = Release|Any CPU
		{669083A8-23B7-4AA3-99C0-837D7211BB7B}.Debug|Any CPU.ActiveCfg = Debug|Any CPU
		{669083A8-23B7-4AA3-99C0-837D7211BB7B}.Debug|Any CPU.Build.0 = Debug|Any CPU
		{669083A8-23B7-4AA3-99C0-837D7211BB7B}.Release|Any CPU.ActiveCfg = Release|Any CPU
		{669083A8-23B7-4AA3-99C0-837D7211BB7B}.Release|Any CPU.Build.0 = Release|Any CPU
		{ABA3792E-7EC9-4600-90D6-9CDE508FB71D}.Debug|Any CPU.ActiveCfg = Debug|Any CPU
		{ABA3792E-7EC9-4600-90D6-9CDE508FB71D}.Debug|Any CPU.Build.0 = Debug|Any CPU
		{ABA3792E-7EC9-4600-90D6-9CDE508FB71D}.Release|Any CPU.ActiveCfg = Release|Any CPU
		{ABA3792E-7EC9-4600-90D6-9CDE508FB71D}.Release|Any CPU.Build.0 = Release|Any CPU
		{5A97E3A2-55B9-4D16-A25A-24F79A27D72E}.Debug|Any CPU.ActiveCfg = Debug|Any CPU
		{5A97E3A2-55B9-4D16-A25A-24F79A27D72E}.Debug|Any CPU.Build.0 = Debug|Any CPU
		{5A97E3A2-55B9-4D16-A25A-24F79A27D72E}.Release|Any CPU.ActiveCfg = Release|Any CPU
		{5A97E3A2-55B9-4D16-A25A-24F79A27D72E}.Release|Any CPU.Build.0 = Release|Any CPU
	EndGlobalSection
	GlobalSection(SolutionProperties) = preSolution
		HideSolutionNode = FALSE
	EndGlobalSection
	GlobalSection(NestedProjects) = preSolution
		{669083A8-23B7-4AA3-99C0-837D7211BB7B} = {EC636DEB-DDA5-4B32-9D98-8F6D624B0D19}
	EndGlobalSection
	GlobalSection(ExtensibilityGlobals) = postSolution
		SolutionGuid = {CAD03700-F379-456C-A9D6-334B9F83EA13}
	EndGlobalSection
EndGlobal
